
Microsoft Visual Studio Solution File, Format Version 11.00
# Visual C++ Express 2010
Project("{8BC9CEB8-8B4A-11D0-8D11-00A0C91BC942}") = "Projektas", "Projektas.vcxproj", "{D9CE0CB9-BDC8-4306-A1C8-7C9D0C1E61EB}"
EndProject
Project("{8BC9CEB8-8B4A-11D0-8D11-00A0C91BC942}") = "ProjectServer", "ProjectServer\ProjectServer.vcxproj", "{A78705EE-9364-42B6-A327-85D7179487EF}"
EndProject
Project("{8BC9CEB8-8B4A-11D0-8D11-00A0C91BC942}") = "PropertiesTestCases", "PropertiesTestCases\PropertiesTestCases.vcxproj", "{9A770097-0FAF-449B-BE15-CEE508814208}"
EndProject
Global
	GlobalSection(SolutionConfigurationPlatforms) = preSolution
		Debug|Win32 = Debug|Win32
		Release|Win32 = Release|Win32
	EndGlobalSection
	GlobalSection(ProjectConfigurationPlatforms) = postSolution
		{D9CE0CB9-BDC8-4306-A1C8-7C9D0C1E61EB}.Debug|Win32.ActiveCfg = Debug|Win32
		{D9CE0CB9-BDC8-4306-A1C8-7C9D0C1E61EB}.Debug|Win32.Build.0 = Debug|Win32
		{D9CE0CB9-BDC8-4306-A1C8-7C9D0C1E61EB}.Release|Win32.ActiveCfg = Release|Win32
		{D9CE0CB9-BDC8-4306-A1C8-7C9D0C1E61EB}.Release|Win32.Build.0 = Release|Win32
		{A78705EE-9364-42B6-A327-85D7179487EF}.Debug|Win32.ActiveCfg = Debug|Win32
		{A78705EE-9364-42B6-A327-85D7179487EF}.Debug|Win32.Build.0 = Debug|Win32
		{A78705EE-9364-42B6-A327-85D7179487EF}.Release|Win32.ActiveCfg = Release|Win32
		{A78705EE-9364-42B6-A327-85D7179487EF}.Release|Win32.Build.0 = Release|Win32
		{9A770097-0FAF-449B-BE15-CEE508814208}.Debug|Win32.ActiveCfg = Debug|Win32
		{9A770097-0FAF-449B-BE15-CEE508814208}.Debug|Win32.Build.0 = Debug|Win32
		{9A770097-0FAF-449B-BE15-CEE508814208}.Release|Win32.ActiveCfg = Release|Win32
		{9A770097-0FAF-449B-BE15-CEE508814208}.Release|Win32.Build.0 = Release|Win32
	EndGlobalSection
	GlobalSection(SolutionProperties) = preSolution
		HideSolutionNode = FALSE
	EndGlobalSection
EndGlobal
